// !$*UTF8*$!
{
	archiveVersion = 1;
	classes = {
	};
	objectVersion = 56;
	objects = {

/* Begin PBXBuildFile section */
		A77AA6AE2ACD9DB000342A8C /* BarCodeViewFinder.swift in Sources */ = {isa = PBXBuildFile; fileRef = A77AA6AD2ACD9DB000342A8C /* BarCodeViewFinder.swift */; };
		A7B4F17B2A99CB6800612303 /* AppDelegate.swift in Sources */ = {isa = PBXBuildFile; fileRef = A7B4F17A2A99CB6800612303 /* AppDelegate.swift */; };
		A7B4F17D2A99CB6800612303 /* SceneDelegate.swift in Sources */ = {isa = PBXBuildFile; fileRef = A7B4F17C2A99CB6800612303 /* SceneDelegate.swift */; };
		A7B4F17F2A99CB6800612303 /* ViewController.swift in Sources */ = {isa = PBXBuildFile; fileRef = A7B4F17E2A99CB6800612303 /* ViewController.swift */; };
		A7B4F1822A99CB6800612303 /* Main.storyboard in Resources */ = {isa = PBXBuildFile; fileRef = A7B4F1802A99CB6800612303 /* Main.storyboard */; };
		A7B4F1842A99CB6A00612303 /* Assets.xcassets in Resources */ = {isa = PBXBuildFile; fileRef = A7B4F1832A99CB6A00612303 /* Assets.xcassets */; };
		A7B4F1872A99CB6A00612303 /* LaunchScreen.storyboard in Resources */ = {isa = PBXBuildFile; fileRef = A7B4F1852A99CB6A00612303 /* LaunchScreen.storyboard */; };
		F2873BF6FF1D7F1FE3A4D456 /* Pods_QRExample.framework in Frameworks */ = {isa = PBXBuildFile; fileRef = 984767176FC6F899A038FA3B /* Pods_QRExample.framework */; };
/* End PBXBuildFile section */

/* Begin PBXFileReference section */
		18D52BDC0850AE37B88A9370 /* Pods-QRExample.debug.xcconfig */ = {isa = PBXFileReference; includeInIndex = 1; lastKnownFileType = text.xcconfig; name = "Pods-QRExample.debug.xcconfig"; path = "Target Support Files/Pods-QRExample/Pods-QRExample.debug.xcconfig"; sourceTree = "<group>"; };
		984767176FC6F899A038FA3B /* Pods_QRExample.framework */ = {isa = PBXFileReference; explicitFileType = wrapper.framework; includeInIndex = 0; path = Pods_QRExample.framework; sourceTree = BUILT_PRODUCTS_DIR; };
		A77AA6AD2ACD9DB000342A8C /* BarCodeViewFinder.swift */ = {isa = PBXFileReference; lastKnownFileType = sourcecode.swift; path = BarCodeViewFinder.swift; sourceTree = "<group>"; };
		A7B4F1772A99CB6800612303 /* QRExample.app */ = {isa = PBXFileReference; explicitFileType = wrapper.application; includeInIndex = 0; path = QRExample.app; sourceTree = BUILT_PRODUCTS_DIR; };
		A7B4F17A2A99CB6800612303 /* AppDelegate.swift */ = {isa = PBXFileReference; lastKnownFileType = sourcecode.swift; path = AppDelegate.swift; sourceTree = "<group>"; };
		A7B4F17C2A99CB6800612303 /* SceneDelegate.swift */ = {isa = PBXFileReference; lastKnownFileType = sourcecode.swift; path = SceneDelegate.swift; sourceTree = "<group>"; };
		A7B4F17E2A99CB6800612303 /* ViewController.swift */ = {isa = PBXFileReference; lastKnownFileType = sourcecode.swift; path = ViewController.swift; sourceTree = "<group>"; };
		A7B4F1812A99CB6800612303 /* Base */ = {isa = PBXFileReference; lastKnownFileType = file.storyboard; name = Base; path = Base.lproj/Main.storyboard; sourceTree = "<group>"; };
		A7B4F1832A99CB6A00612303 /* Assets.xcassets */ = {isa = PBXFileReference; lastKnownFileType = folder.assetcatalog; path = Assets.xcassets; sourceTree = "<group>"; };
		A7B4F1862A99CB6A00612303 /* Base */ = {isa = PBXFileReference; lastKnownFileType = file.storyboard; name = Base; path = Base.lproj/LaunchScreen.storyboard; sourceTree = "<group>"; };
		A7B4F1882A99CB6A00612303 /* Info.plist */ = {isa = PBXFileReference; lastKnownFileType = text.plist.xml; path = Info.plist; sourceTree = "<group>"; };
		CBAF3A6CD3C10E63E0782251 /* Pods-QRExample.release.xcconfig */ = {isa = PBXFileReference; includeInIndex = 1; lastKnownFileType = text.xcconfig; name = "Pods-QRExample.release.xcconfig"; path = "Target Support Files/Pods-QRExample/Pods-QRExample.release.xcconfig"; sourceTree = "<group>"; };
/* End PBXFileReference section */

/* Begin PBXFrameworksBuildPhase section */
		A7B4F1742A99CB6800612303 /* Frameworks */ = {
			isa = PBXFrameworksBuildPhase;
			buildActionMask = 2147483647;
			files = (
				F2873BF6FF1D7F1FE3A4D456 /* Pods_QRExample.framework in Frameworks */,
			);
			runOnlyForDeploymentPostprocessing = 0;
		};
/* End PBXFrameworksBuildPhase section */

/* Begin PBXGroup section */
		04DDB629B0EA9CAE65BF19D1 /* Frameworks */ = {
			isa = PBXGroup;
			children = (
				984767176FC6F899A038FA3B /* Pods_QRExample.framework */,
			);
			name = Frameworks;
			sourceTree = "<group>";
		};
		3EE10A484B381FC9F0B77E99 /* Pods */ = {
			isa = PBXGroup;
			children = (
				18D52BDC0850AE37B88A9370 /* Pods-QRExample.debug.xcconfig */,
				CBAF3A6CD3C10E63E0782251 /* Pods-QRExample.release.xcconfig */,
			);
			path = Pods;
			sourceTree = "<group>";
		};
		A7B4F16E2A99CB6800612303 = {
			isa = PBXGroup;
			children = (
				A7B4F1792A99CB6800612303 /* QRExample */,
				A7B4F1782A99CB6800612303 /* Products */,
				3EE10A484B381FC9F0B77E99 /* Pods */,
				04DDB629B0EA9CAE65BF19D1 /* Frameworks */,
			);
			sourceTree = "<group>";
		};
		A7B4F1782A99CB6800612303 /* Products */ = {
			isa = PBXGroup;
			children = (
				A7B4F1772A99CB6800612303 /* QRExample.app */,
			);
			name = Products;
			sourceTree = "<group>";
		};
		A7B4F1792A99CB6800612303 /* QRExample */ = {
			isa = PBXGroup;
			children = (
				A7B4F17A2A99CB6800612303 /* AppDelegate.swift */,
				A7B4F17C2A99CB6800612303 /* SceneDelegate.swift */,
				A7B4F17E2A99CB6800612303 /* ViewController.swift */,
				A7B4F1802A99CB6800612303 /* Main.storyboard */,
				A7B4F1832A99CB6A00612303 /* Assets.xcassets */,
				A7B4F1852A99CB6A00612303 /* LaunchScreen.storyboard */,
				A7B4F1882A99CB6A00612303 /* Info.plist */,
				A77AA6AD2ACD9DB000342A8C /* BarCodeViewFinder.swift */,
			);
			path = QRExample;
			sourceTree = "<group>";
		};
/* End PBXGroup section */

/* Begin PBXNativeTarget section */
		A7B4F1762A99CB6800612303 /* QRExample */ = {
			isa = PBXNativeTarget;
			buildConfigurationList = A7B4F18B2A99CB6A00612303 /* Build configuration list for PBXNativeTarget "QRExample" */;
			buildPhases = (
				6EEA28888FD8311FA94EE81C /* [CP] Check Pods Manifest.lock */,
				A7B4F1732A99CB6800612303 /* Sources */,
				A7B4F1742A99CB6800612303 /* Frameworks */,
				A7B4F1752A99CB6800612303 /* Resources */,
				1B3B27E69CE890AC2B2B6B40 /* [CP] Embed Pods Frameworks */,
			);
			buildRules = (
			);
			dependencies = (
			);
			name = QRExample;
			productName = QRExample;
			productReference = A7B4F1772A99CB6800612303 /* QRExample.app */;
			productType = "com.apple.product-type.application";
		};
/* End PBXNativeTarget section */

/* Begin PBXProject section */
		A7B4F16F2A99CB6800612303 /* Project object */ = {
			isa = PBXProject;
			attributes = {
				BuildIndependentTargetsInParallel = 1;
				LastSwiftUpdateCheck = 1430;
				LastUpgradeCheck = 1430;
				TargetAttributes = {
					A7B4F1762A99CB6800612303 = {
						CreatedOnToolsVersion = 14.3.1;
					};
				};
			};
			buildConfigurationList = A7B4F1722A99CB6800612303 /* Build configuration list for PBXProject "QRExample" */;
			compatibilityVersion = "Xcode 14.0";
			developmentRegion = en;
			hasScannedForEncodings = 0;
			knownRegions = (
				en,
				Base,
			);
			mainGroup = A7B4F16E2A99CB6800612303;
			productRefGroup = A7B4F1782A99CB6800612303 /* Products */;
			projectDirPath = "";
			projectRoot = "";
			targets = (
				A7B4F1762A99CB6800612303 /* QRExample */,
			);
		};
/* End PBXProject section */

/* Begin PBXResourcesBuildPhase section */
		A7B4F1752A99CB6800612303 /* Resources */ = {
			isa = PBXResourcesBuildPhase;
			buildActionMask = 2147483647;
			files = (
				A7B4F1872A99CB6A00612303 /* LaunchScreen.storyboard in Resources */,
				A7B4F1842A99CB6A00612303 /* Assets.xcassets in Resources */,
				A7B4F1822A99CB6800612303 /* Main.storyboard in Resources */,
			);
			runOnlyForDeploymentPostprocessing = 0;
		};
/* End PBXResourcesBuildPhase section */

/* Begin PBXShellScriptBuildPhase section */
		1B3B27E69CE890AC2B2B6B40 /* [CP] Embed Pods Frameworks */ = {
			isa = PBXShellScriptBuildPhase;
			buildActionMask = 2147483647;
			files = (
			);
			inputFileListPaths = (
				"${PODS_ROOT}/Target Support Files/Pods-QRExample/Pods-QRExample-frameworks-${CONFIGURATION}-input-files.xcfilelist",
			);
			name = "[CP] Embed Pods Frameworks";
			outputFileListPaths = (
				"${PODS_ROOT}/Target Support Files/Pods-QRExample/Pods-QRExample-frameworks-${CONFIGURATION}-output-files.xcfilelist",
			);
			runOnlyForDeploymentPostprocessing = 0;
			shellPath = /bin/sh;
			shellScript = "\"${PODS_ROOT}/Target Support Files/Pods-QRExample/Pods-QRExample-frameworks.sh\"\n";
			showEnvVarsInLog = 0;
		};
		6EEA28888FD8311FA94EE81C /* [CP] Check Pods Manifest.lock */ = {
			isa = PBXShellScriptBuildPhase;
			buildActionMask = 2147483647;
			files = (
			);
			inputFileListPaths = (
			);
			inputPaths = (
				"${PODS_PODFILE_DIR_PATH}/Podfile.lock",
				"${PODS_ROOT}/Manifest.lock",
			);
			name = "[CP] Check Pods Manifest.lock";
			outputFileListPaths = (
			);
			outputPaths = (
				"$(DERIVED_FILE_DIR)/Pods-QRExample-checkManifestLockResult.txt",
			);
			runOnlyForDeploymentPostprocessing = 0;
			shellPath = /bin/sh;
			shellScript = "diff \"${PODS_PODFILE_DIR_PATH}/Podfile.lock\" \"${PODS_ROOT}/Manifest.lock\" > /dev/null\nif [ $? != 0 ] ; then\n    # print error to STDERR\n    echo \"error: The sandbox is not in sync with the Podfile.lock. Run 'pod install' or update your CocoaPods installation.\" >&2\n    exit 1\nfi\n# This output is used by Xcode 'outputs' to avoid re-running this script phase.\necho \"SUCCESS\" > \"${SCRIPT_OUTPUT_FILE_0}\"\n";
			showEnvVarsInLog = 0;
		};
/* End PBXShellScriptBuildPhase section */

/* Begin PBXSourcesBuildPhase section */
		A7B4F1732A99CB6800612303 /* Sources */ = {
			isa = PBXSourcesBuildPhase;
			buildActionMask = 2147483647;
			files = (
				A7B4F17F2A99CB6800612303 /* ViewController.swift in Sources */,
				A77AA6AE2ACD9DB000342A8C /* BarCodeViewFinder.swift in Sources */,
				A7B4F17B2A99CB6800612303 /* AppDelegate.swift in Sources */,
				A7B4F17D2A99CB6800612303 /* SceneDelegate.swift in Sources */,
			);
			runOnlyForDeploymentPostprocessing = 0;
		};
/* End PBXSourcesBuildPhase section */

/* Begin PBXVariantGroup section */
		A7B4F1802A99CB6800612303 /* Main.storyboard */ = {
			isa = PBXVariantGroup;
			children = (
				A7B4F1812A99CB6800612303 /* Base */,
			);
			name = Main.storyboard;
			sourceTree = "<group>";
		};
		A7B4F1852A99CB6A00612303 /* LaunchScreen.storyboard */ = {
			isa = PBXVariantGroup;
			children = (
				A7B4F1862A99CB6A00612303 /* Base */,
			);
			name = LaunchScreen.storyboard;
			sourceTree = "<group>";
		};
/* End PBXVariantGroup section */

/* Begin XCBuildConfiguration section */
		A7B4F1892A99CB6A00612303 /* Debug */ = {
			isa = XCBuildConfiguration;
			buildSettings = {
				ALWAYS_SEARCH_USER_PATHS = NO;
				CLANG_ANALYZER_NONNULL = YES;
				CLANG_ANALYZER_NUMBER_OBJECT_CONVERSION = YES_AGGRESSIVE;
				CLANG_CXX_LANGUAGE_STANDARD = "gnu++20";
				CLANG_ENABLE_MODULES = YES;
				CLANG_ENABLE_OBJC_ARC = YES;
				CLANG_ENABLE_OBJC_WEAK = YES;
				CLANG_WARN_BLOCK_CAPTURE_AUTORELEASING = YES;
				CLANG_WARN_BOOL_CONVERSION = YES;
				CLANG_WARN_COMMA = YES;
				CLANG_WARN_CONSTANT_CONVERSION = YES;
				CLANG_WARN_DEPRECATED_OBJC_IMPLEMENTATIONS = YES;
				CLANG_WARN_DIRECT_OBJC_ISA_USAGE = YES_ERROR;
				CLANG_WARN_DOCUMENTATION_COMMENTS = YES;
				CLANG_WARN_EMPTY_BODY = YES;
				CLANG_WARN_ENUM_CONVERSION = YES;
				CLANG_WARN_INFINITE_RECURSION = YES;
				CLANG_WARN_INT_CONVERSION = YES;
				CLANG_WARN_NON_LITERAL_NULL_CONVERSION = YES;
				CLANG_WARN_OBJC_IMPLICIT_RETAIN_SELF = YES;
				CLANG_WARN_OBJC_LITERAL_CONVERSION = YES;
				CLANG_WARN_OBJC_ROOT_CLASS = YES_ERROR;
				CLANG_WARN_QUOTED_INCLUDE_IN_FRAMEWORK_HEADER = YES;
				CLANG_WARN_RANGE_LOOP_ANALYSIS = YES;
				CLANG_WARN_STRICT_PROTOTYPES = YES;
				CLANG_WARN_SUSPICIOUS_MOVE = YES;
				CLANG_WARN_UNGUARDED_AVAILABILITY = YES_AGGRESSIVE;
				CLANG_WARN_UNREACHABLE_CODE = YES;
				CLANG_WARN__DUPLICATE_METHOD_MATCH = YES;
				COPY_PHASE_STRIP = NO;
				DEBUG_INFORMATION_FORMAT = dwarf;
				ENABLE_STRICT_OBJC_MSGSEND = YES;
				ENABLE_TESTABILITY = YES;
				GCC_C_LANGUAGE_STANDARD = gnu11;
				GCC_DYNAMIC_NO_PIC = NO;
				GCC_NO_COMMON_BLOCKS = YES;
				GCC_OPTIMIZATION_LEVEL = 0;
				GCC_PREPROCESSOR_DEFINITIONS = (
					"DEBUG=1",
					"$(inherited)",
				);
				GCC_WARN_64_TO_32_BIT_CONVERSION = YES;
				GCC_WARN_ABOUT_RETURN_TYPE = YES_ERROR;
				GCC_WARN_UNDECLARED_SELECTOR = YES;
				GCC_WARN_UNINITIALIZED_AUTOS = YES_AGGRESSIVE;
				GCC_WARN_UNUSED_FUNCTION = YES;
				GCC_WARN_UNUSED_VARIABLE = YES;
				IPHONEOS_DEPLOYMENT_TARGET = 16.4;
				MTL_ENABLE_DEBUG_INFO = INCLUDE_SOURCE;
				MTL_FAST_MATH = YES;
				ONLY_ACTIVE_ARCH = YES;
				SDKROOT = iphoneos;
				SWIFT_ACTIVE_COMPILATION_CONDITIONS = DEBUG;
				SWIFT_OPTIMIZATION_LEVEL = "-Onone";
			};
			name = Debug;
		};
		A7B4F18A2A99CB6A00612303 /* Release */ = {
			isa = XCBuildConfiguration;
			buildSettings = {
				ALWAYS_SEARCH_USER_PATHS = NO;
				CLANG_ANALYZER_NONNULL = YES;
				CLANG_ANALYZER_NUMBER_OBJECT_CONVERSION = YES_AGGRESSIVE;
				CLANG_CXX_LANGUAGE_STANDARD = "gnu++20";
				CLANG_ENABLE_MODULES = YES;
				CLANG_ENABLE_OBJC_ARC = YES;
				CLANG_ENABLE_OBJC_WEAK = YES;
				CLANG_WARN_BLOCK_CAPTURE_AUTORELEASING = YES;
				CLANG_WARN_BOOL_CONVERSION = YES;
				CLANG_WARN_COMMA = YES;
				CLANG_WARN_CONSTANT_CONVERSION = YES;
				CLANG_WARN_DEPRECATED_OBJC_IMPLEMENTATIONS = YES;
				CLANG_WARN_DIRECT_OBJC_ISA_USAGE = YES_ERROR;
				CLANG_WARN_DOCUMENTATION_COMMENTS = YES;
				CLANG_WARN_EMPTY_BODY = YES;
				CLANG_WARN_ENUM_CONVERSION = YES;
				CLANG_WARN_INFINITE_RECURSION = YES;
				CLANG_WARN_INT_CONVERSION = YES;
				CLANG_WARN_NON_LITERAL_NULL_CONVERSION = YES;
				CLANG_WARN_OBJC_IMPLICIT_RETAIN_SELF = YES;
				CLANG_WARN_OBJC_LITERAL_CONVERSION = YES;
				CLANG_WARN_OBJC_ROOT_CLASS = YES_ERROR;
				CLANG_WARN_QUOTED_INCLUDE_IN_FRAMEWORK_HEADER = YES;
				CLANG_WARN_RANGE_LOOP_ANALYSIS = YES;
				CLANG_WARN_STRICT_PROTOTYPES = YES;
				CLANG_WARN_SUSPICIOUS_MOVE = YES;
				CLANG_WARN_UNGUARDED_AVAILABILITY = YES_AGGRESSIVE;
				CLANG_WARN_UNREACHABLE_CODE = YES;
				CLANG_WARN__DUPLICATE_METHOD_MATCH = YES;
				COPY_PHASE_STRIP = NO;
				DEBUG_INFORMATION_FORMAT = "dwarf-with-dsym";
				ENABLE_NS_ASSERTIONS = NO;
				ENABLE_STRICT_OBJC_MSGSEND = YES;
				GCC_C_LANGUAGE_STANDARD = gnu11;
				GCC_NO_COMMON_BLOCKS = YES;
				GCC_WARN_64_TO_32_BIT_CONVERSION = YES;
				GCC_WARN_ABOUT_RETURN_TYPE = YES_ERROR;
				GCC_WARN_UNDECLARED_SELECTOR = YES;
				GCC_WARN_UNINITIALIZED_AUTOS = YES_AGGRESSIVE;
				GCC_WARN_UNUSED_FUNCTION = YES;
				GCC_WARN_UNUSED_VARIABLE = YES;
				IPHONEOS_DEPLOYMENT_TARGET = 16.4;
				MTL_ENABLE_DEBUG_INFO = NO;
				MTL_FAST_MATH = YES;
				SDKROOT = iphoneos;
				SWIFT_COMPILATION_MODE = wholemodule;
				SWIFT_OPTIMIZATION_LEVEL = "-O";
				VALIDATE_PRODUCT = YES;
			};
			name = Release;
		};
		A7B4F18C2A99CB6A00612303 /* Debug */ = {
			isa = XCBuildConfiguration;
			baseConfigurationReference = 18D52BDC0850AE37B88A9370 /* Pods-QRExample.debug.xcconfig */;
			buildSettings = {
				ASSETCATALOG_COMPILER_APPICON_NAME = AppIcon;
				ASSETCATALOG_COMPILER_GLOBAL_ACCENT_COLOR_NAME = AccentColor;
				CODE_SIGN_STYLE = Automatic;
				CURRENT_PROJECT_VERSION = 1;
				DEVELOPMENT_TEAM = BY9634L7U5;
				GENERATE_INFOPLIST_FILE = YES;
				INFOPLIST_FILE = QRExample/Info.plist;
				INFOPLIST_KEY_UIApplicationSupportsIndirectInputEvents = YES;
				INFOPLIST_KEY_UILaunchStoryboardName = LaunchScreen;
				INFOPLIST_KEY_UIMainStoryboardFile = Main;
				INFOPLIST_KEY_UISupportedInterfaceOrientations_iPad = "UIInterfaceOrientationPortrait UIInterfaceOrientationPortraitUpsideDown UIInterfaceOrientationLandscapeLeft UIInterfaceOrientationLandscapeRight";
				INFOPLIST_KEY_UISupportedInterfaceOrientations_iPhone = "UIInterfaceOrientationPortrait UIInterfaceOrientationLandscapeLeft UIInterfaceOrientationLandscapeRight";
				IPHONEOS_DEPLOYMENT_TARGET = 14.0;
				LD_RUNPATH_SEARCH_PATHS = (
					"$(inherited)",
					"@executable_path/Frameworks",
				);
				MARKETING_VERSION = 1.0;
				PRODUCT_BUNDLE_IDENTIFIER = com.ManikantaSirumalla.QRExample;
				PRODUCT_NAME = "$(TARGET_NAME)";
				SWIFT_EMIT_LOC_STRINGS = YES;
				SWIFT_VERSION = 5.0;
				TARGETED_DEVICE_FAMILY = "1,2";
			};
			name = Debug;
		};
		A7B4F18D2A99CB6A00612303 /* Release */ = {
			isa = XCBuildConfiguration;
			baseConfigurationReference = CBAF3A6CD3C10E63E0782251 /* Pods-QRExample.release.xcconfig */;
			buildSettings = {
				ASSETCATALOG_COMPILER_APPICON_NAME = AppIcon;
				ASSETCATALOG_COMPILER_GLOBAL_ACCENT_COLOR_NAME = AccentColor;
				CODE_SIGN_STYLE = Automatic;
				CURRENT_PROJECT_VERSION = 1;
				DEVELOPMENT_TEAM = BY9634L7U5;
				GENERATE_INFOPLIST_FILE = YES;
				INFOPLIST_FILE = QRExample/Info.plist;
				INFOPLIST_KEY_UIApplicationSupportsIndirectInputEvents = YES;
				INFOPLIST_KEY_UILaunchStoryboardName = LaunchScreen;
				INFOPLIST_KEY_UIMainStoryboardFile = Main;
				INFOPLIST_KEY_UISupportedInterfaceOrientations_iPad = "UIInterfaceOrientationPortrait UIInterfaceOrientationPortraitUpsideDown UIInterfaceOrientationLandscapeLeft UIInterfaceOrientationLandscapeRight";
				INFOPLIST_KEY_UISupportedInterfaceOrientations_iPhone = "UIInterfaceOrientationPortrait UIInterfaceOrientationLandscapeLeft UIInterfaceOrientationLandscapeRight";
				IPHONEOS_DEPLOYMENT_TARGET = 14.0;
				LD_RUNPATH_SEARCH_PATHS = (
					"$(inherited)",
					"@executable_path/Frameworks",
				);
				MARKETING_VERSION = 1.0;
				PRODUCT_BUNDLE_IDENTIFIER = com.ManikantaSirumalla.QRExample;
				PRODUCT_NAME = "$(TARGET_NAME)";
				SWIFT_EMIT_LOC_STRINGS = YES;
				SWIFT_VERSION = 5.0;
				TARGETED_DEVICE_FAMILY = "1,2";
			};
			name = Release;
		};
/* End XCBuildConfiguration section */

/* Begin XCConfigurationList section */
		A7B4F1722A99CB6800612303 /* Build configuration list for PBXProject "QRExample" */ = {
			isa = XCConfigurationList;
			buildConfigurations = (
				A7B4F1892A99CB6A00612303 /* Debug */,
				A7B4F18A2A99CB6A00612303 /* Release */,
			);
			defaultConfigurationIsVisible = 0;
			defaultConfigurationName = Release;
		};
		A7B4F18B2A99CB6A00612303 /* Build configuration list for PBXNativeTarget "QRExample" */ = {
			isa = XCConfigurationList;
			buildConfigurations = (
				A7B4F18C2A99CB6A00612303 /* Debug */,
				A7B4F18D2A99CB6A00612303 /* Release */,
			);
			defaultConfigurationIsVisible = 0;
			defaultConfigurationName = Release;
		};
/* End XCConfigurationList section */
	};
	rootObject = A7B4F16F2A99CB6800612303 /* Project object */;
}
